PODS:
  - MeteoLVProvider (0.2.0):
    - SwiftSoup (~> 1.7)
  - SwiftSoup (1.7.4)

DEPENDENCIES:
  - MeteoLVProvider (from `../`)

SPEC REPOS:
  https://github.com/cocoapods/specs.git:
    - SwiftSoup

EXTERNAL SOURCES:
  MeteoLVProvider:
    :path: "../"

SPEC CHECKSUMS:
  MeteoLVProvider: eb43e23243b6d34546bf4c7b91b1a3d35bcf339c
  SwiftSoup: 92f5b348c131aed8af04f4326db1579ab19fa08c

PODFILE CHECKSUM: c5dbef885edb57c8961b664f770b913b75d0aca4

COCOAPODS: 1.6.0.beta.1
