PODS:
  - MeteoLVProvider (0.3.0):
    - SwiftSoup (~> 2.2)
  - SwiftSoup (2.2.1)

DEPENDENCIES:
  - MeteoLVProvider (from `../`)

SPEC REPOS:
  trunk:
    - SwiftSoup

EXTERNAL SOURCES:
  MeteoLVProvider:
    :path: "../"

SPEC CHECKSUMS:
  MeteoLVProvider: 4f53516855c73dcffd481585df89aef078b0eda3
  SwiftSoup: a91d3c96ecb6f8f13005552ef60f9075aae4a7f3

PODFILE CHECKSUM: c5dbef885edb57c8961b664f770b913b75d0aca4

COCOAPODS: 1.8.3
