PODS:
  - MeteoLVProvider (0.4.0):
    - SwiftSoup (~> 2.3)
  - SwiftSoup (2.3.1)

DEPENDENCIES:
  - MeteoLVProvider (from `../`)

SPEC REPOS:
  trunk:
    - SwiftSoup

EXTERNAL SOURCES:
  MeteoLVProvider:
    :path: "../"

SPEC CHECKSUMS:
  MeteoLVProvider: 13dedbe3d0fbc160449611f85ede38fb14ef056f
  SwiftSoup: e5af192bc99be8398d5f93e15ff6a3c80ba81de1

PODFILE CHECKSUM: c5dbef885edb57c8961b664f770b913b75d0aca4

COCOAPODS: 1.9.1
