// !$*UTF8*$!
{
	archiveVersion = 1;
	classes = {
	};
	objectVersion = 52;
	objects = {

/* Begin PBXBuildFile section */
		631ABB02205D115C009A2F35 /* ObservationData.swift in Sources */ = {isa = PBXBuildFile; fileRef = 631ABAFC205D115C009A2F35 /* ObservationData.swift */; };
		631ABB03205D115C009A2F35 /* MeteoLVProvider.swift in Sources */ = {isa = PBXBuildFile; fileRef = 631ABAFD205D115C009A2F35 /* MeteoLVProvider.swift */; };
		631ABB04205D115C009A2F35 /* Parameter.swift in Sources */ = {isa = PBXBuildFile; fileRef = 631ABAFE205D115C009A2F35 /* Parameter.swift */; };
		631ABB06205D115C009A2F35 /* Result.swift in Sources */ = {isa = PBXBuildFile; fileRef = 631ABB00205D115C009A2F35 /* Result.swift */; };
		631ABB07205D115C009A2F35 /* Station.swift in Sources */ = {isa = PBXBuildFile; fileRef = 631ABB01205D115C009A2F35 /* Station.swift */; };
		631ABB13205D11A5009A2F35 /* MeteoLVProvider.framework in Frameworks */ = {isa = PBXBuildFile; fileRef = 631ABAE3205D10DC009A2F35 /* MeteoLVProvider.framework */; };
		631ABB5A205D173A009A2F35 /* MeteoLVProvider_ExampleTests.swift in Sources */ = {isa = PBXBuildFile; fileRef = 631ABB59205D173A009A2F35 /* MeteoLVProvider_ExampleTests.swift */; };
		635524E8205DBAAA00EC0E23 /* RoadStationWeatherData.swift in Sources */ = {isa = PBXBuildFile; fileRef = 635524E7205DBAAA00EC0E23 /* RoadStationWeatherData.swift */; };
		636EC0F9244B33A8004E42A9 /* ObservationStation.swift in Sources */ = {isa = PBXBuildFile; fileRef = 636EC0F8244B33A8004E42A9 /* ObservationStation.swift */; };
		637F7139205D655600865550 /* LatvianRoadsStation.swift in Sources */ = {isa = PBXBuildFile; fileRef = 637F7138205D655600865550 /* LatvianRoadsStation.swift */; };
		637F713F205D660000865550 /* LatvianRoadsStationsData.swift in Sources */ = {isa = PBXBuildFile; fileRef = 637F713E205D660000865550 /* LatvianRoadsStationsData.swift */; };
		637F714A205D75B500865550 /* MeteoLVError.swift in Sources */ = {isa = PBXBuildFile; fileRef = 637F7149205D75B500865550 /* MeteoLVError.swift */; };
		6382D583205DA45000CAE2D4 /* Geometry.swift in Sources */ = {isa = PBXBuildFile; fileRef = 6382D582205DA45000CAE2D4 /* Geometry.swift */; };
		6382D588205DA46D00CAE2D4 /* Attributes.swift in Sources */ = {isa = PBXBuildFile; fileRef = 6382D587205DA46D00CAE2D4 /* Attributes.swift */; };
		63EC0543234E35A400879866 /* SwiftSoup in Frameworks */ = {isa = PBXBuildFile; productRef = 63EC0542234E35A400879866 /* SwiftSoup */; };
/* End PBXBuildFile section */

/* Begin PBXContainerItemProxy section */
		631ABB14205D11A5009A2F35 /* PBXContainerItemProxy */ = {
			isa = PBXContainerItemProxy;
			containerPortal = 631ABADA205D10DC009A2F35 /* Project object */;
			proxyType = 1;
			remoteGlobalIDString = 631ABAE2205D10DC009A2F35;
			remoteInfo = "MeteoLVProvider-iOS";
		};
/* End PBXContainerItemProxy section */

/* Begin PBXFileReference section */
		631ABAE3205D10DC009A2F35 /* MeteoLVProvider.framework */ = {isa = PBXFileReference; explicitFileType = wrapper.framework; includeInIndex = 0; path = MeteoLVProvider.framework; sourceTree = BUILT_PRODUCTS_DIR; };
		631ABAFC205D115C009A2F35 /* ObservationData.swift */ = {isa = PBXFileReference; fileEncoding = 4; lastKnownFileType = sourcecode.swift; path = ObservationData.swift; sourceTree = "<group>"; };
		631ABAFD205D115C009A2F35 /* MeteoLVProvider.swift */ = {isa = PBXFileReference; fileEncoding = 4; lastKnownFileType = sourcecode.swift; path = MeteoLVProvider.swift; sourceTree = "<group>"; };
		631ABAFE205D115C009A2F35 /* Parameter.swift */ = {isa = PBXFileReference; fileEncoding = 4; lastKnownFileType = sourcecode.swift; path = Parameter.swift; sourceTree = "<group>"; };
		631ABB00205D115C009A2F35 /* Result.swift */ = {isa = PBXFileReference; fileEncoding = 4; lastKnownFileType = sourcecode.swift; path = Result.swift; sourceTree = "<group>"; };
		631ABB01205D115C009A2F35 /* Station.swift */ = {isa = PBXFileReference; fileEncoding = 4; lastKnownFileType = sourcecode.swift; path = Station.swift; sourceTree = "<group>"; };
		631ABB08205D118C009A2F35 /* Info.plist */ = {isa = PBXFileReference; fileEncoding = 4; lastKnownFileType = text.plist.xml; name = Info.plist; path = Sources/Info.plist; sourceTree = "<group>"; };
		631ABB0E205D11A5009A2F35 /* MeteoLVProviderTests.xctest */ = {isa = PBXFileReference; explicitFileType = wrapper.cfbundle; includeInIndex = 0; path = MeteoLVProviderTests.xctest; sourceTree = BUILT_PRODUCTS_DIR; };
		631ABB12205D11A5009A2F35 /* Info.plist */ = {isa = PBXFileReference; lastKnownFileType = text.plist.xml; path = Info.plist; sourceTree = "<group>"; };
		631ABB58205D13F8009A2F35 /* README.md */ = {isa = PBXFileReference; lastKnownFileType = net.daringfireball.markdown; path = README.md; sourceTree = "<group>"; };
		631ABB59205D173A009A2F35 /* MeteoLVProvider_ExampleTests.swift */ = {isa = PBXFileReference; fileEncoding = 4; lastKnownFileType = sourcecode.swift; path = MeteoLVProvider_ExampleTests.swift; sourceTree = "<group>"; };
		635524E7205DBAAA00EC0E23 /* RoadStationWeatherData.swift */ = {isa = PBXFileReference; lastKnownFileType = sourcecode.swift; path = RoadStationWeatherData.swift; sourceTree = "<group>"; };
		636EC0F8244B33A8004E42A9 /* ObservationStation.swift */ = {isa = PBXFileReference; lastKnownFileType = sourcecode.swift; path = ObservationStation.swift; sourceTree = "<group>"; };
		637F7138205D655600865550 /* LatvianRoadsStation.swift */ = {isa = PBXFileReference; lastKnownFileType = sourcecode.swift; path = LatvianRoadsStation.swift; sourceTree = "<group>"; };
		637F713E205D660000865550 /* LatvianRoadsStationsData.swift */ = {isa = PBXFileReference; lastKnownFileType = sourcecode.swift; path = LatvianRoadsStationsData.swift; sourceTree = "<group>"; };
		637F7143205D686800865550 /* MeteoLVProvider.playground */ = {isa = PBXFileReference; lastKnownFileType = file.playground; path = MeteoLVProvider.playground; sourceTree = "<group>"; xcLanguageSpecificationIdentifier = xcode.lang.swift; };
		637F7149205D75B500865550 /* MeteoLVError.swift */ = {isa = PBXFileReference; lastKnownFileType = sourcecode.swift; path = MeteoLVError.swift; sourceTree = "<group>"; };
		637F7151205D8DC900865550 /* SwiftSoup.framework */ = {isa = PBXFileReference; lastKnownFileType = wrapper.framework; name = SwiftSoup.framework; path = Carthage/Build/iOS/SwiftSoup.framework; sourceTree = "<group>"; };
		6382D578205DA16200CAE2D4 /* MeteoLVProvider.framework */ = {isa = PBXFileReference; lastKnownFileType = wrapper.framework; name = MeteoLVProvider.framework; path = Carthage/Build/watchOS/MeteoLVProvider.framework; sourceTree = "<group>"; };
		6382D57C205DA20500CAE2D4 /* SwiftSoup.framework */ = {isa = PBXFileReference; lastKnownFileType = wrapper.framework; name = SwiftSoup.framework; path = Carthage/Build/watchOS/SwiftSoup.framework; sourceTree = "<group>"; };
		6382D57E205DA24900CAE2D4 /* SwiftSoup.framework */ = {isa = PBXFileReference; lastKnownFileType = wrapper.framework; name = SwiftSoup.framework; path = Carthage/Build/Mac/SwiftSoup.framework; sourceTree = "<group>"; };
		6382D580205DA2D200CAE2D4 /* SwiftSoup.framework */ = {isa = PBXFileReference; lastKnownFileType = wrapper.framework; name = SwiftSoup.framework; path = Carthage/Build/tvOS/SwiftSoup.framework; sourceTree = "<group>"; };
		6382D582205DA45000CAE2D4 /* Geometry.swift */ = {isa = PBXFileReference; lastKnownFileType = sourcecode.swift; path = Geometry.swift; sourceTree = "<group>"; };
		6382D587205DA46D00CAE2D4 /* Attributes.swift */ = {isa = PBXFileReference; lastKnownFileType = sourcecode.swift; path = Attributes.swift; sourceTree = "<group>"; };
		63EC054C234E3A3400879866 /* MeteoLVProvider.xctestplan */ = {isa = PBXFileReference; lastKnownFileType = text; path = MeteoLVProvider.xctestplan; sourceTree = "<group>"; };
/* End PBXFileReference section */

/* Begin PBXFrameworksBuildPhase section */
		631ABADF205D10DC009A2F35 /* Frameworks */ = {
			isa = PBXFrameworksBuildPhase;
			buildActionMask = 2147483647;
			files = (
				63EC0543234E35A400879866 /* SwiftSoup in Frameworks */,
			);
			runOnlyForDeploymentPostprocessing = 0;
		};
		631ABB0B205D11A5009A2F35 /* Frameworks */ = {
			isa = PBXFrameworksBuildPhase;
			buildActionMask = 2147483647;
			files = (
				631ABB13205D11A5009A2F35 /* MeteoLVProvider.framework in Frameworks */,
			);
			runOnlyForDeploymentPostprocessing = 0;
		};
/* End PBXFrameworksBuildPhase section */

/* Begin PBXGroup section */
		631ABAD9205D10DC009A2F35 = {
			isa = PBXGroup;
			children = (
				63EC054C234E3A3400879866 /* MeteoLVProvider.xctestplan */,
				637F7143205D686800865550 /* MeteoLVProvider.playground */,
				631ABB58205D13F8009A2F35 /* README.md */,
				631ABB08205D118C009A2F35 /* Info.plist */,
				631ABAFB205D115C009A2F35 /* Sources */,
				631ABB0F205D11A5009A2F35 /* MeteoLVProviderTests */,
				631ABAE4205D10DC009A2F35 /* Products */,
				637F7150205D8DC900865550 /* Frameworks */,
			);
			sourceTree = "<group>";
		};
		631ABAE4205D10DC009A2F35 /* Products */ = {
			isa = PBXGroup;
			children = (
				631ABAE3205D10DC009A2F35 /* MeteoLVProvider.framework */,
				631ABB0E205D11A5009A2F35 /* MeteoLVProviderTests.xctest */,
			);
			name = Products;
			sourceTree = "<group>";
		};
		631ABAFB205D115C009A2F35 /* Sources */ = {
			isa = PBXGroup;
			children = (
				631ABB00205D115C009A2F35 /* Result.swift */,
				637F7149205D75B500865550 /* MeteoLVError.swift */,
				631ABAFD205D115C009A2F35 /* MeteoLVProvider.swift */,
				636EC0F8244B33A8004E42A9 /* ObservationStation.swift */,
				637F7153205D95F100865550 /* Meteo center */,
				637F713D205D65E500865550 /* Latvian roads */,
			);
			path = Sources;
			sourceTree = "<group>";
		};
		631ABB0F205D11A5009A2F35 /* MeteoLVProviderTests */ = {
			isa = PBXGroup;
			children = (
				631ABB59205D173A009A2F35 /* MeteoLVProvider_ExampleTests.swift */,
				631ABB12205D11A5009A2F35 /* Info.plist */,
			);
			path = MeteoLVProviderTests;
			sourceTree = "<group>";
		};
		637F713D205D65E500865550 /* Latvian roads */ = {
			isa = PBXGroup;
			children = (
				637F713E205D660000865550 /* LatvianRoadsStationsData.swift */,
				637F7138205D655600865550 /* LatvianRoadsStation.swift */,
				635524E7205DBAAA00EC0E23 /* RoadStationWeatherData.swift */,
				6382D587205DA46D00CAE2D4 /* Attributes.swift */,
				6382D582205DA45000CAE2D4 /* Geometry.swift */,
			);
			path = "Latvian roads";
			sourceTree = "<group>";
		};
		637F7150205D8DC900865550 /* Frameworks */ = {
			isa = PBXGroup;
			children = (
				6382D57C205DA20500CAE2D4 /* SwiftSoup.framework */,
				6382D57E205DA24900CAE2D4 /* SwiftSoup.framework */,
				6382D580205DA2D200CAE2D4 /* SwiftSoup.framework */,
				6382D578205DA16200CAE2D4 /* MeteoLVProvider.framework */,
				637F7151205D8DC900865550 /* SwiftSoup.framework */,
			);
			name = Frameworks;
			sourceTree = "<group>";
		};
		637F7153205D95F100865550 /* Meteo center */ = {
			isa = PBXGroup;
			children = (
				631ABAFC205D115C009A2F35 /* ObservationData.swift */,
				631ABAFE205D115C009A2F35 /* Parameter.swift */,
				631ABB01205D115C009A2F35 /* Station.swift */,
			);
			name = "Meteo center";
			sourceTree = "<group>";
		};
/* End PBXGroup section */

/* Begin PBXHeadersBuildPhase section */
		631ABAE0205D10DC009A2F35 /* Headers */ = {
			isa = PBXHeadersBuildPhase;
			buildActionMask = 2147483647;
			files = (
			);
			runOnlyForDeploymentPostprocessing = 0;
		};
/* End PBXHeadersBuildPhase section */

/* Begin PBXNativeTarget section */
		631ABAE2205D10DC009A2F35 /* MeteoLVProvider */ = {
			isa = PBXNativeTarget;
			buildConfigurationList = 631ABAEB205D10DC009A2F35 /* Build configuration list for PBXNativeTarget "MeteoLVProvider" */;
			buildPhases = (
				631ABADE205D10DC009A2F35 /* Sources */,
				631ABADF205D10DC009A2F35 /* Frameworks */,
				631ABAE0205D10DC009A2F35 /* Headers */,
				631ABAE1205D10DC009A2F35 /* Resources */,
				631ABB51205D12FE009A2F35 /* Swiftlint */,
			);
			buildRules = (
			);
			dependencies = (
			);
			name = MeteoLVProvider;
			packageProductDependencies = (
				63EC0542234E35A400879866 /* SwiftSoup */,
			);
			productName = MeteoLVProvider;
			productReference = 631ABAE3205D10DC009A2F35 /* MeteoLVProvider.framework */;
			productType = "com.apple.product-type.framework";
		};
		631ABB0D205D11A5009A2F35 /* MeteoLVProviderTests */ = {
			isa = PBXNativeTarget;
			buildConfigurationList = 631ABB16205D11A5009A2F35 /* Build configuration list for PBXNativeTarget "MeteoLVProviderTests" */;
			buildPhases = (
				631ABB0A205D11A5009A2F35 /* Sources */,
				631ABB0B205D11A5009A2F35 /* Frameworks */,
				631ABB0C205D11A5009A2F35 /* Resources */,
			);
			buildRules = (
			);
			dependencies = (
				631ABB15205D11A5009A2F35 /* PBXTargetDependency */,
			);
			name = MeteoLVProviderTests;
			productName = MeteoLVProvideriOSTests;
			productReference = 631ABB0E205D11A5009A2F35 /* MeteoLVProviderTests.xctest */;
			productType = "com.apple.product-type.bundle.unit-test";
		};
/* End PBXNativeTarget section */

/* Begin PBXProject section */
		631ABADA205D10DC009A2F35 /* Project object */ = {
			isa = PBXProject;
			attributes = {
				LastSwiftUpdateCheck = 0920;
				LastUpgradeCheck = 1000;
				ORGANIZATIONNAME = fassko;
				TargetAttributes = {
					631ABAE2205D10DC009A2F35 = {
						CreatedOnToolsVersion = 9.2;
						LastSwiftMigration = 1000;
						ProvisioningStyle = Automatic;
					};
					631ABB0D205D11A5009A2F35 = {
						CreatedOnToolsVersion = 9.2;
						LastSwiftMigration = 1000;
						ProvisioningStyle = Automatic;
					};
				};
			};
			buildConfigurationList = 631ABADD205D10DC009A2F35 /* Build configuration list for PBXProject "MeteoLVProvider" */;
			compatibilityVersion = "Xcode 8.0";
			developmentRegion = en;
			hasScannedForEncodings = 0;
			knownRegions = (
				en,
				Base,
			);
			mainGroup = 631ABAD9205D10DC009A2F35;
			packageReferences = (
				63EC0541234E35A400879866 /* XCRemoteSwiftPackageReference "SwiftSoup" */,
			);
			productRefGroup = 631ABAE4205D10DC009A2F35 /* Products */;
			projectDirPath = "";
			projectRoot = "";
			targets = (
				631ABAE2205D10DC009A2F35 /* MeteoLVProvider */,
				631ABB0D205D11A5009A2F35 /* MeteoLVProviderTests */,
			);
		};
/* End PBXProject section */

/* Begin PBXResourcesBuildPhase section */
		631ABAE1205D10DC009A2F35 /* Resources */ = {
			isa = PBXResourcesBuildPhase;
			buildActionMask = 2147483647;
			files = (
			);
			runOnlyForDeploymentPostprocessing = 0;
		};
		631ABB0C205D11A5009A2F35 /* Resources */ = {
			isa = PBXResourcesBuildPhase;
			buildActionMask = 2147483647;
			files = (
			);
			runOnlyForDeploymentPostprocessing = 0;
		};
/* End PBXResourcesBuildPhase section */

/* Begin PBXShellScriptBuildPhase section */
		631ABB51205D12FE009A2F35 /* Swiftlint */ = {
			isa = PBXShellScriptBuildPhase;
			buildActionMask = 2147483647;
			files = (
			);
			inputPaths = (
			);
			name = Swiftlint;
			outputPaths = (
			);
			runOnlyForDeploymentPostprocessing = 0;
			shellPath = /bin/sh;
			shellScript = "if which swiftlint >/dev/null; then\n    swiftlint\nelse\n    echo \"warning: SwiftLint not installed, download from https://github.com/realm/SwiftLint\"\nfi\n";
		};
/* End PBXShellScriptBuildPhase section */

/* Begin PBXSourcesBuildPhase section */
		631ABADE205D10DC009A2F35 /* Sources */ = {
			isa = PBXSourcesBuildPhase;
			buildActionMask = 2147483647;
			files = (
				635524E8205DBAAA00EC0E23 /* RoadStationWeatherData.swift in Sources */,
				631ABB04205D115C009A2F35 /* Parameter.swift in Sources */,
				631ABB07205D115C009A2F35 /* Station.swift in Sources */,
				637F7139205D655600865550 /* LatvianRoadsStation.swift in Sources */,
				637F713F205D660000865550 /* LatvianRoadsStationsData.swift in Sources */,
				636EC0F9244B33A8004E42A9 /* ObservationStation.swift in Sources */,
				631ABB02205D115C009A2F35 /* ObservationData.swift in Sources */,
				631ABB06205D115C009A2F35 /* Result.swift in Sources */,
				637F714A205D75B500865550 /* MeteoLVError.swift in Sources */,
				6382D583205DA45000CAE2D4 /* Geometry.swift in Sources */,
				6382D588205DA46D00CAE2D4 /* Attributes.swift in Sources */,
				631ABB03205D115C009A2F35 /* MeteoLVProvider.swift in Sources */,
			);
			runOnlyForDeploymentPostprocessing = 0;
		};
		631ABB0A205D11A5009A2F35 /* Sources */ = {
			isa = PBXSourcesBuildPhase;
			buildActionMask = 2147483647;
			files = (
				631ABB5A205D173A009A2F35 /* MeteoLVProvider_ExampleTests.swift in Sources */,
			);
			runOnlyForDeploymentPostprocessing = 0;
		};
/* End PBXSourcesBuildPhase section */

/* Begin PBXTargetDependency section */
		631ABB15205D11A5009A2F35 /* PBXTargetDependency */ = {
			isa = PBXTargetDependency;
			target = 631ABAE2205D10DC009A2F35 /* MeteoLVProvider */;
			targetProxy = 631ABB14205D11A5009A2F35 /* PBXContainerItemProxy */;
		};
/* End PBXTargetDependency section */

/* Begin XCBuildConfiguration section */
		631ABAE9205D10DC009A2F35 /* Debug */ = {
			isa = XCBuildConfiguration;
			buildSettings = {
				ALWAYS_SEARCH_USER_PATHS = NO;
				CLANG_ANALYZER_NONNULL = YES;
				CLANG_ANALYZER_NUMBER_OBJECT_CONVERSION = YES_AGGRESSIVE;
				CLANG_CXX_LANGUAGE_STANDARD = "gnu++14";
				CLANG_CXX_LIBRARY = "libc++";
				CLANG_ENABLE_MODULES = YES;
				CLANG_ENABLE_OBJC_ARC = YES;
				CLANG_WARN_BLOCK_CAPTURE_AUTORELEASING = YES;
				CLANG_WARN_BOOL_CONVERSION = YES;
				CLANG_WARN_COMMA = YES;
				CLANG_WARN_CONSTANT_CONVERSION = YES;
				CLANG_WARN_DEPRECATED_OBJC_IMPLEMENTATIONS = YES;
				CLANG_WARN_DIRECT_OBJC_ISA_USAGE = YES_ERROR;
				CLANG_WARN_DOCUMENTATION_COMMENTS = YES;
				CLANG_WARN_EMPTY_BODY = YES;
				CLANG_WARN_ENUM_CONVERSION = YES;
				CLANG_WARN_INFINITE_RECURSION = YES;
				CLANG_WARN_INT_CONVERSION = YES;
				CLANG_WARN_NON_LITERAL_NULL_CONVERSION = YES;
				CLANG_WARN_OBJC_IMPLICIT_RETAIN_SELF = YES;
				CLANG_WARN_OBJC_LITERAL_CONVERSION = YES;
				CLANG_WARN_OBJC_ROOT_CLASS = YES_ERROR;
				CLANG_WARN_RANGE_LOOP_ANALYSIS = YES;
				CLANG_WARN_STRICT_PROTOTYPES = YES;
				CLANG_WARN_SUSPICIOUS_MOVE = YES;
				CLANG_WARN_UNGUARDED_AVAILABILITY = YES_AGGRESSIVE;
				CLANG_WARN_UNREACHABLE_CODE = YES;
				CLANG_WARN__DUPLICATE_METHOD_MATCH = YES;
				CODE_SIGN_IDENTITY = "iPhone Developer";
				COPY_PHASE_STRIP = NO;
				CURRENT_PROJECT_VERSION = 1;
				DEBUG_INFORMATION_FORMAT = dwarf;
				ENABLE_STRICT_OBJC_MSGSEND = YES;
				ENABLE_TESTABILITY = YES;
				GCC_C_LANGUAGE_STANDARD = gnu11;
				GCC_DYNAMIC_NO_PIC = NO;
				GCC_NO_COMMON_BLOCKS = YES;
				GCC_OPTIMIZATION_LEVEL = 0;
				GCC_PREPROCESSOR_DEFINITIONS = (
					"DEBUG=1",
					"$(inherited)",
				);
				GCC_WARN_64_TO_32_BIT_CONVERSION = YES;
				GCC_WARN_ABOUT_RETURN_TYPE = YES_ERROR;
				GCC_WARN_UNDECLARED_SELECTOR = YES;
				GCC_WARN_UNINITIALIZED_AUTOS = YES_AGGRESSIVE;
				GCC_WARN_UNUSED_FUNCTION = YES;
				GCC_WARN_UNUSED_VARIABLE = YES;
				IPHONEOS_DEPLOYMENT_TARGET = 11.2;
				MTL_ENABLE_DEBUG_INFO = YES;
				ONLY_ACTIVE_ARCH = YES;
				SDKROOT = iphoneos;
				SWIFT_ACTIVE_COMPILATION_CONDITIONS = DEBUG;
				SWIFT_OPTIMIZATION_LEVEL = "-Onone";
				SWIFT_VERSION = 5.0;
				VERSIONING_SYSTEM = "apple-generic";
				VERSION_INFO_PREFIX = "";
			};
			name = Debug;
		};
		631ABAEA205D10DC009A2F35 /* Release */ = {
			isa = XCBuildConfiguration;
			buildSettings = {
				ALWAYS_SEARCH_USER_PATHS = NO;
				CLANG_ANALYZER_NONNULL = YES;
				CLANG_ANALYZER_NUMBER_OBJECT_CONVERSION = YES_AGGRESSIVE;
				CLANG_CXX_LANGUAGE_STANDARD = "gnu++14";
				CLANG_CXX_LIBRARY = "libc++";
				CLANG_ENABLE_MODULES = YES;
				CLANG_ENABLE_OBJC_ARC = YES;
				CLANG_WARN_BLOCK_CAPTURE_AUTORELEASING = YES;
				CLANG_WARN_BOOL_CONVERSION = YES;
				CLANG_WARN_COMMA = YES;
				CLANG_WARN_CONSTANT_CONVERSION = YES;
				CLANG_WARN_DEPRECATED_OBJC_IMPLEMENTATIONS = YES;
				CLANG_WARN_DIRECT_OBJC_ISA_USAGE = YES_ERROR;
				CLANG_WARN_DOCUMENTATION_COMMENTS = YES;
				CLANG_WARN_EMPTY_BODY = YES;
				CLANG_WARN_ENUM_CONVERSION = YES;
				CLANG_WARN_INFINITE_RECURSION = YES;
				CLANG_WARN_INT_CONVERSION = YES;
				CLANG_WARN_NON_LITERAL_NULL_CONVERSION = YES;
				CLANG_WARN_OBJC_IMPLICIT_RETAIN_SELF = YES;
				CLANG_WARN_OBJC_LITERAL_CONVERSION = YES;
				CLANG_WARN_OBJC_ROOT_CLASS = YES_ERROR;
				CLANG_WARN_RANGE_LOOP_ANALYSIS = YES;
				CLANG_WARN_STRICT_PROTOTYPES = YES;
				CLANG_WARN_SUSPICIOUS_MOVE = YES;
				CLANG_WARN_UNGUARDED_AVAILABILITY = YES_AGGRESSIVE;
				CLANG_WARN_UNREACHABLE_CODE = YES;
				CLANG_WARN__DUPLICATE_METHOD_MATCH = YES;
				CODE_SIGN_IDENTITY = "iPhone Developer";
				COPY_PHASE_STRIP = NO;
				CURRENT_PROJECT_VERSION = 1;
				DEBUG_INFORMATION_FORMAT = "dwarf-with-dsym";
				ENABLE_NS_ASSERTIONS = NO;
				ENABLE_STRICT_OBJC_MSGSEND = YES;
				GCC_C_LANGUAGE_STANDARD = gnu11;
				GCC_NO_COMMON_BLOCKS = YES;
				GCC_WARN_64_TO_32_BIT_CONVERSION = YES;
				GCC_WARN_ABOUT_RETURN_TYPE = YES_ERROR;
				GCC_WARN_UNDECLARED_SELECTOR = YES;
				GCC_WARN_UNINITIALIZED_AUTOS = YES_AGGRESSIVE;
				GCC_WARN_UNUSED_FUNCTION = YES;
				GCC_WARN_UNUSED_VARIABLE = YES;
				IPHONEOS_DEPLOYMENT_TARGET = 11.2;
				MTL_ENABLE_DEBUG_INFO = NO;
				SDKROOT = iphoneos;
				SWIFT_COMPILATION_MODE = wholemodule;
				SWIFT_OPTIMIZATION_LEVEL = "-O";
				SWIFT_VERSION = 5.0;
				VALIDATE_PRODUCT = YES;
				VERSIONING_SYSTEM = "apple-generic";
				VERSION_INFO_PREFIX = "";
			};
			name = Release;
		};
		631ABAEC205D10DC009A2F35 /* Debug */ = {
			isa = XCBuildConfiguration;
			buildSettings = {
				CODE_SIGN_IDENTITY = "";
				CODE_SIGN_STYLE = Automatic;
				DEFINES_MODULE = YES;
				DEVELOPMENT_TEAM = 3SGNZQGS68;
				DYLIB_COMPATIBILITY_VERSION = 1;
				DYLIB_CURRENT_VERSION = 1;
				DYLIB_INSTALL_NAME_BASE = "@rpath";
				FRAMEWORK_SEARCH_PATHS = "$(inherited)";
				INFOPLIST_FILE = Sources/Info.plist;
				INSTALL_PATH = "$(LOCAL_LIBRARY_DIR)/Frameworks";
				LD_RUNPATH_SEARCH_PATHS = (
					"$(inherited)",
					"@executable_path/Frameworks",
					"@loader_path/Frameworks",
				);
				PRODUCT_BUNDLE_IDENTIFIER = com.fassko.MeteoLVProvider;
				PRODUCT_NAME = MeteoLVProvider;
				SKIP_INSTALL = YES;
				SUPPORTED_PLATFORMS = "iphonesimulator iphoneos watchsimulator watchos appletvsimulator appletvos macosx";
				SWIFT_VERSION = 5.0;
				TARGETED_DEVICE_FAMILY = "1,2";
			};
			name = Debug;
		};
		631ABAED205D10DC009A2F35 /* Release */ = {
			isa = XCBuildConfiguration;
			buildSettings = {
				CODE_SIGN_IDENTITY = "";
				CODE_SIGN_STYLE = Automatic;
				DEFINES_MODULE = YES;
				DEVELOPMENT_TEAM = 3SGNZQGS68;
				DYLIB_COMPATIBILITY_VERSION = 1;
				DYLIB_CURRENT_VERSION = 1;
				DYLIB_INSTALL_NAME_BASE = "@rpath";
				FRAMEWORK_SEARCH_PATHS = "$(inherited)";
				INFOPLIST_FILE = Sources/Info.plist;
				INSTALL_PATH = "$(LOCAL_LIBRARY_DIR)/Frameworks";
				LD_RUNPATH_SEARCH_PATHS = (
					"$(inherited)",
					"@executable_path/Frameworks",
					"@loader_path/Frameworks",
				);
				PRODUCT_BUNDLE_IDENTIFIER = com.fassko.MeteoLVProvider;
				PRODUCT_NAME = MeteoLVProvider;
				SKIP_INSTALL = YES;
				SUPPORTED_PLATFORMS = "iphonesimulator iphoneos watchsimulator watchos appletvsimulator appletvos macosx";
				SWIFT_VERSION = 5.0;
				TARGETED_DEVICE_FAMILY = "1,2";
			};
			name = Release;
		};
		631ABB17205D11A5009A2F35 /* Debug */ = {
			isa = XCBuildConfiguration;
			buildSettings = {
				CLANG_ENABLE_MODULES = YES;
				CODE_SIGN_STYLE = Automatic;
				DEVELOPMENT_TEAM = 3SGNZQGS68;
				INFOPLIST_FILE = MeteoLVProviderTests/Info.plist;
				LD_RUNPATH_SEARCH_PATHS = (
					"$(inherited)",
					"@executable_path/Frameworks",
					"@loader_path/Frameworks",
				);
				PRODUCT_BUNDLE_IDENTIFIER = com.fassko.MeteoLVProviderTests;
				PRODUCT_NAME = "$(TARGET_NAME)";
				SWIFT_OPTIMIZATION_LEVEL = "-Onone";
				SWIFT_VERSION = 5.0;
				TARGETED_DEVICE_FAMILY = "1,2";
			};
			name = Debug;
		};
		631ABB18205D11A5009A2F35 /* Release */ = {
			isa = XCBuildConfiguration;
			buildSettings = {
				CLANG_ENABLE_MODULES = YES;
				CODE_SIGN_STYLE = Automatic;
				DEVELOPMENT_TEAM = 3SGNZQGS68;
				INFOPLIST_FILE = MeteoLVProviderTests/Info.plist;
				LD_RUNPATH_SEARCH_PATHS = (
					"$(inherited)",
					"@executable_path/Frameworks",
					"@loader_path/Frameworks",
				);
				PRODUCT_BUNDLE_IDENTIFIER = com.fassko.MeteoLVProviderTests;
				PRODUCT_NAME = "$(TARGET_NAME)";
				SWIFT_VERSION = 5.0;
				TARGETED_DEVICE_FAMILY = "1,2";
			};
			name = Release;
		};
/* End XCBuildConfiguration section */

/* Begin XCConfigurationList section */
		631ABADD205D10DC009A2F35 /* Build configuration list for PBXProject "MeteoLVProvider" */ = {
			isa = XCConfigurationList;
			buildConfigurations = (
				631ABAE9205D10DC009A2F35 /* Debug */,
				631ABAEA205D10DC009A2F35 /* Release */,
			);
			defaultConfigurationIsVisible = 0;
			defaultConfigurationName = Release;
		};
		631ABAEB205D10DC009A2F35 /* Build configuration list for PBXNativeTarget "MeteoLVProvider" */ = {
			isa = XCConfigurationList;
			buildConfigurations = (
				631ABAEC205D10DC009A2F35 /* Debug */,
				631ABAED205D10DC009A2F35 /* Release */,
			);
			defaultConfigurationIsVisible = 0;
			defaultConfigurationName = Release;
		};
		631ABB16205D11A5009A2F35 /* Build configuration list for PBXNativeTarget "MeteoLVProviderTests" */ = {
			isa = XCConfigurationList;
			buildConfigurations = (
				631ABB17205D11A5009A2F35 /* Debug */,
				631ABB18205D11A5009A2F35 /* Release */,
			);
			defaultConfigurationIsVisible = 0;
			defaultConfigurationName = Release;
		};
/* End XCConfigurationList section */

/* Begin XCRemoteSwiftPackageReference section */
		63EC0541234E35A400879866 /* XCRemoteSwiftPackageReference "SwiftSoup" */ = {
			isa = XCRemoteSwiftPackageReference;
			repositoryURL = "https://github.com/scinfu/SwiftSoup";
			requirement = {
				kind = upToNextMajorVersion;
				minimumVersion = 2.3.1;
			};
		};
/* End XCRemoteSwiftPackageReference section */

/* Begin XCSwiftPackageProductDependency section */
		63EC0542234E35A400879866 /* SwiftSoup */ = {
			isa = XCSwiftPackageProductDependency;
			package = 63EC0541234E35A400879866 /* XCRemoteSwiftPackageReference "SwiftSoup" */;
			productName = SwiftSoup;
		};
/* End XCSwiftPackageProductDependency section */
	};
	rootObject = 631ABADA205D10DC009A2F35 /* Project object */;
}
